
Microsoft Visual Studio Solution File, Format Version 12.00
# Visual Studio Version 17
VisualStudioVersion = 17.9.34616.47
MinimumVisualStudioVersion = 10.0.40219.1
Project("{FAE04EC0-301F-11D3-BF4B-00C04F79EFBC}") = "InClass20241121-IS3050-001", "InClass20241121-IS3050-001\InClass20241121-IS3050-001.csproj", "{0819D808-FA12-4207-B8C9-31F966638474}"
EndProject
Global
	GlobalSection(SolutionConfigurationPlatforms) = preSolution
		Debug|Any CPU = Debug|Any CPU
		Release|Any CPU = Release|Any CPU
	EndGlobalSection
	GlobalSection(ProjectConfigurationPlatforms) = postSolution
		{0819D808-FA12-4207-B8C9-31F966638474}.Debug|Any CPU.ActiveCfg = Debug|Any CPU
		{0819D808-FA12-4207-B8C9-31F966638474}.Debug|Any CPU.Build.0 = Debug|Any CPU
		{0819D808-FA12-4207-B8C9-31F966638474}.Release|Any CPU.ActiveCfg = Release|Any CPU
		{0819D808-FA12-4207-B8C9-31F966638474}.Release|Any CPU.Build.0 = Release|Any CPU
	EndGlobalSection
	GlobalSection(SolutionProperties) = preSolution
		HideSolutionNode = FALSE
	EndGlobalSection
	GlobalSection(ExtensibilityGlobals) = postSolution
		SolutionGuid = {0084385E-9758-4425-8243-801D436219B2}
	EndGlobalSection
EndGlobal
